
Microsoft Visual Studio Solution File, Format Version 12.00
# Visual Studio Version 16
VisualStudioVersion = 16.0.31229.75
MinimumVisualStudioVersion = 10.0.40219.1
Project("{8BC9CEB8-8B4A-11D0-8D11-00A0C91BC942}") = "TextBasedGame", "TextBasedGame\TextBasedGame.vcxproj", "{492221CD-64E7-47B2-854E-7B987C4A3BE2}"
EndProject
Global
	GlobalSection(SolutionConfigurationPlatforms) = preSolution
		Debug|x64 = Debug|x64
		Debug|x86 = Debug|x86
		Release|x64 = Release|x64
		Release|x86 = Release|x86
	EndGlobalSection
	GlobalSection(ProjectConfigurationPlatforms) = postSolution
		{492221CD-64E7-47B2-854E-7B987C4A3BE2}.Debug|x64.ActiveCfg = Debug|x64
		{492221CD-64E7-47B2-854E-7B987C4A3BE2}.Debug|x64.Build.0 = Debug|x64
		{492221CD-64E7-47B2-854E-7B987C4A3BE2}.Debug|x86.ActiveCfg = Debug|Win32
		{492221CD-64E7-47B2-854E-7B987C4A3BE2}.Debug|x86.Build.0 = Debug|Win32
		{492221CD-64E7-47B2-854E-7B987C4A3BE2}.Release|x64.ActiveCfg = Release|x64
		{492221CD-64E7-47B2-854E-7B987C4A3BE2}.Release|x64.Build.0 = Release|x64
		{492221CD-64E7-47B2-854E-7B987C4A3BE2}.Release|x86.ActiveCfg = Release|Win32
		{492221CD-64E7-47B2-854E-7B987C4A3BE2}.Release|x86.Build.0 = Release|Win32
	EndGlobalSection
	GlobalSection(SolutionProperties) = preSolution
		HideSolutionNode = FALSE
	EndGlobalSection
	GlobalSection(ExtensibilityGlobals) = postSolution
		SolutionGuid = {5E572106-8DE1-4B66-90AF-ABB383FC22FC}
	EndGlobalSection
EndGlobal
